
Microsoft Visual Studio Solution File, Format Version 12.00
# Visual Studio Version 17
VisualStudioVersion = 17.7.34221.43
MinimumVisualStudioVersion = 10.0.40219.1
Project("{8BC9CEB8-8B4A-11D0-8D11-00A0C91BC942}") = "Listy", "Listy\Listy.vcxproj", "{A8D9EC9B-9CBB-4027-A13A-50E957C5A119}"
EndProject
Project("{2150E333-8FDC-42A3-9474-1A3956D46DE8}") = "Solution Items", "Solution Items", "{AB34131A-CE22-4828-A8D4-BD429336DE7D}"
EndProject
Global
	GlobalSection(SolutionConfigurationPlatforms) = preSolution
		Debug|x64 = Debug|x64
		Debug|x86 = Debug|x86
		Release|x64 = Release|x64
		Release|x86 = Release|x86
	EndGlobalSection
	GlobalSection(ProjectConfigurationPlatforms) = postSolution
		{A8D9EC9B-9CBB-4027-A13A-50E957C5A119}.Debug|x64.ActiveCfg = Debug|x64
		{A8D9EC9B-9CBB-4027-A13A-50E957C5A119}.Debug|x64.Build.0 = Debug|x64
		{A8D9EC9B-9CBB-4027-A13A-50E957C5A119}.Debug|x86.ActiveCfg = Debug|Win32
		{A8D9EC9B-9CBB-4027-A13A-50E957C5A119}.Debug|x86.Build.0 = Debug|Win32
		{A8D9EC9B-9CBB-4027-A13A-50E957C5A119}.Release|x64.ActiveCfg = Release|x64
		{A8D9EC9B-9CBB-4027-A13A-50E957C5A119}.Release|x64.Build.0 = Release|x64
		{A8D9EC9B-9CBB-4027-A13A-50E957C5A119}.Release|x86.ActiveCfg = Release|Win32
		{A8D9EC9B-9CBB-4027-A13A-50E957C5A119}.Release|x86.Build.0 = Release|Win32
	EndGlobalSection
	GlobalSection(SolutionProperties) = preSolution
		HideSolutionNode = FALSE
	EndGlobalSection
	GlobalSection(ExtensibilityGlobals) = postSolution
		SolutionGuid = {0E474292-44F4-4682-BBD4-8F1CC62A5E81}
	EndGlobalSection
EndGlobal
